
Microsoft Visual Studio Solution File, Format Version 12.00
# Visual Studio Version 17
VisualStudioVersion = 17.10.35013.160
MinimumVisualStudioVersion = 10.0.40219.1
Project("{FAE04EC0-301F-11D3-BF4B-00C04F79EFBC}") = "MvcEntity", "MvcEntity\MvcEntity.csproj", "{09B897A2-6D98-48AD-917C-B5588DB142D1}"
EndProject
Global
	GlobalSection(SolutionConfigurationPlatforms) = preSolution
		Debug|Any CPU = Debug|Any CPU
		Release|Any CPU = Release|Any CPU
	EndGlobalSection
	GlobalSection(ProjectConfigurationPlatforms) = postSolution
		{09B897A2-6D98-48AD-917C-B5588DB142D1}.Debug|Any CPU.ActiveCfg = Debug|Any CPU
		{09B897A2-6D98-48AD-917C-B5588DB142D1}.Debug|Any CPU.Build.0 = Debug|Any CPU
		{09B897A2-6D98-48AD-917C-B5588DB142D1}.Release|Any CPU.ActiveCfg = Release|Any CPU
		{09B897A2-6D98-48AD-917C-B5588DB142D1}.Release|Any CPU.Build.0 = Release|Any CPU
	EndGlobalSection
	GlobalSection(SolutionProperties) = preSolution
		HideSolutionNode = FALSE
	EndGlobalSection
	GlobalSection(ExtensibilityGlobals) = postSolution
		SolutionGuid = {536B7354-EEC1-4E74-AC88-37D82515648A}
	EndGlobalSection
EndGlobal
